{
    "_meta": {
        "hash": {
            "sha256": "720749e0925a262f0efa51e47753b09459a7382c79a622fa1fee5bc1b7664c47"
        },
        "pipfile-spec": 6,
        "requires": {
            "python_version": "3.8"
        },
        "sources": [
            {
                "name": "pypi",
                "url": "https://pypi.org/simple",
                "verify_ssl": true
            }
        ]
    },
    "default": {
        "shell": {
            "hashes": [
                "sha256:64e3347d1dd2c8f3c3f3df5e6ebe9084d768ae20985aef6793854b9f47d4045a",
                "sha256:6fbaa88f85de228ddecef33cb1e9037f4959f6f76942b01769e4139a038f6513"
            ],
            "index": "pypi",
            "version": "==1.0.1"
        }
    },
    "develop": {}
}
